
Microsoft Visual Studio Solution File, Format Version 12.00
# Visual Studio Version 16
VisualStudioVersion = 16.0.29201.188
MinimumVisualStudioVersion = 10.0.40219.1
Project("{FAE04EC0-301F-11D3-BF4B-00C04F79EFBC}") = "PruebaGeometria", "PruebaGeometria\PruebaGeometria.csproj", "{11A0EA0A-D77E-4982-B3E2-B900675420CB}"
EndProject
Global
	GlobalSection(SolutionConfigurationPlatforms) = preSolution
		Debug|Any CPU = Debug|Any CPU
		Release|Any CPU = Release|Any CPU
	EndGlobalSection
	GlobalSection(ProjectConfigurationPlatforms) = postSolution
		{11A0EA0A-D77E-4982-B3E2-B900675420CB}.Debug|Any CPU.ActiveCfg = Debug|Any CPU
		{11A0EA0A-D77E-4982-B3E2-B900675420CB}.Debug|Any CPU.Build.0 = Debug|Any CPU
		{11A0EA0A-D77E-4982-B3E2-B900675420CB}.Release|Any CPU.ActiveCfg = Release|Any CPU
		{11A0EA0A-D77E-4982-B3E2-B900675420CB}.Release|Any CPU.Build.0 = Release|Any CPU
	EndGlobalSection
	GlobalSection(SolutionProperties) = preSolution
		HideSolutionNode = FALSE
	EndGlobalSection
	GlobalSection(ExtensibilityGlobals) = postSolution
		SolutionGuid = {D0771605-9440-477F-9FA8-079D8B598B3A}
	EndGlobalSection
EndGlobal
