
Microsoft Visual Studio Solution File, Format Version 12.00
# Visual Studio 15
VisualStudioVersion = 15.0.27703.2047
MinimumVisualStudioVersion = 10.0.40219.1
Project("{FAE04EC0-301F-11D3-BF4B-00C04F79EFBC}") = "CentralTelefonica", "CentralTelefonica\CentralTelefonica.csproj", "{AC0BE578-4917-4DAB-82BA-A52B16C4AF29}"
EndProject
Global
	GlobalSection(SolutionConfigurationPlatforms) = preSolution
		Debug|Any CPU = Debug|Any CPU
		Release|Any CPU = Release|Any CPU
	EndGlobalSection
	GlobalSection(ProjectConfigurationPlatforms) = postSolution
		{AC0BE578-4917-4DAB-82BA-A52B16C4AF29}.Debug|Any CPU.ActiveCfg = Debug|Any CPU
		{AC0BE578-4917-4DAB-82BA-A52B16C4AF29}.Debug|Any CPU.Build.0 = Debug|Any CPU
		{AC0BE578-4917-4DAB-82BA-A52B16C4AF29}.Release|Any CPU.ActiveCfg = Release|Any CPU
		{AC0BE578-4917-4DAB-82BA-A52B16C4AF29}.Release|Any CPU.Build.0 = Release|Any CPU
	EndGlobalSection
	GlobalSection(SolutionProperties) = preSolution
		HideSolutionNode = FALSE
	EndGlobalSection
	GlobalSection(ExtensibilityGlobals) = postSolution
		SolutionGuid = {3CE69277-71F9-43DC-82BA-14BFC6513506}
	EndGlobalSection
EndGlobal
